github.com/cloudfoundry/jibber_jabber v0.0.0-20151120183258-bcc4c8345a21 h1:tuijfIjZyjZaHq9xDUh0tNitwXshJpbLkqMOJv4H3do=
github.com/cloudfoundry/jibber_jabber v0.0.0-20151120183258-bcc4c8345a21/go.mod h1:po7NpZ/QiTKzBKyrsEAxwnTamCoh8uDk/egRpQ7siIc=
github.com/golang/protobuf v0.0.0-20160817174113-f592bd283e9e h1:NsBEuFdvVJjikQS2+pq88q9LeMNgcCo99Ub1RFB/U1g=
github.com/golang/protobuf v0.0.0-20160817174113-f592bd283e9e/go.mod h1:6lQm79b+lXiMfvg/cZm0SGofjICqVBUtrP5yJMmIC1U=
github.com/kr/pretty v0.2.1 h1:Fmg33tUaq4/8ym9TJN1x7sLJnHVwhP33CNkpYV/7rwI=
github.com/kr/pretty v0.2.1/go.mod h1:ipq/a2n7PKx3OHsz4KJII5eveXtPO4qwEXGdVfWzfnI=
github.com/kr/pty v1.1.1/go.mod h1:pFQYn66WHrOpPYNljwOMqo10TkYh1fy3cYio2l3bCsQ=
github.com/kr/text v0.1.0 h1:45sCR5RtlFHMR4UwH9sdQ5TC8v0qDQCHnXt+kaKSTVE=
github.com/kr/text v0.1.0/go.mod h1:4Jbv+DJW3UT/LiOwJeYQe1efqtUx/iVham/4vfdArNI=
github.com/maximilien/i18n4go v0.2.6 h1:qJfc1pY0E8QAiVwz190blB+FhGB+x/pjOzjdR1/JeIw=
github.com/maximilien/i18n4go v0.2.6/go.mod h1:qGi+vR2xY056r0saPwcQd6LXZH9MJCn7hkpWeof6mMU=
github.com/nicksnyder/go-i18n v1.4.0 h1:AgLl+Yq7kg5OYlzCgu9cKTZOyI4tD/NgukKqLqC8E+I=
github.com/nicksnyder/go-i18n v1.4.0/go.mod h1:HrK7VCrbOvQoUAQ7Vpy7i87N7JZZZ7R2xBGjv0j365Q=
github.com/onsi/ginkgo v1.2.1-0.20160817190735-43e2af1f01ac h1:sbVlKLGMQkDfebrb0gB3Xfbheid4hTj1RgiDCpXhTXs=
github.com/onsi/ginkgo v1.2.1-0.20160817190735-43e2af1f01ac/go.mod h1:lLunBs/Ym6LB5Z9jYTR76FiuTmxDTDusOGeTQH+WWjE=
github.com/onsi/gomega v0.0.0-20160718190435-9ed8da19f215 h1:AKD32Mmgsc6H+N7nb7PVyDRfd0B3kmXcN0797BypDk0=
github.com/onsi/gomega v0.0.0-20160718190435-9ed8da19f215/go.mod h1:C1qb7wdrVGGVU+Z6iS04AVkA3Q65CEZX59MT0QO5uiA=
github.com/pivotal-cf-experimental/jibber_jabber v0.0.0-20151120183258-bcc4c8345a21 h1:AbOpFa7UXCGaV+aq9tvFdSHEhmcb8uO6nKZdYhKsT1I=
github.com/pivotal-cf-experimental/jibber_jabber v0.0.0-20151120183258-bcc4c8345a21/go.mod h1:4+wzrM70C+Ky5iZiA6lNV5J48jnGmu8YcbmuVWdlt5s=
golang.org/x/sys v0.0.0-20220227234510-4e6760a101f9 h1:nhht2DYV/Sn3qOayu8lM+cU1ii9sTLUeBQwQQfUHtrs=
golang.org/x/sys v0.0.0-20220227234510-4e6760a101f9/go.mod h1:oPkhp1MJrh7nUepCBck5+mAzfO9JrbApNNgaTdGDITg=
gopkg.in/check.v1 v1.0.0-20201130134442-10cb98267c6c h1:Hei/4ADfdWqJk1ZMxUNpqntNwaWcugrBjAiHlqqRiVk=
gopkg.in/check.v1 v1.0.0-20201130134442-10cb98267c6c/go.mod h1:JHkPIbrfpd72SG/EVd6muEfDQjcINNoR0C8j2r3qZ4Q=
gopkg.in/yaml.v2 v2.0.0-20160301204022-a83829b6f129 h1:RBgb9aPUbZ9nu66ecQNIBNsA7j3mB5h8PNDIfhPjaJg=
gopkg.in/yaml.v2 v2.0.0-20160301204022-a83829b6f129/go.mod h1:JAlM8MvJe8wmxCU4Bli9HhUf9+ttbYbLASfIpnQbh74=
